
Microsoft Visual Studio Solution File, Format Version 12.00
# Visual Studio Version 17
VisualStudioVersion = 17.11.35312.102
MinimumVisualStudioVersion = 10.0.40219.1
Project("{2150E333-8FDC-42A3-9474-1A3956D46DE8}") = "Application", "Application", "{699C45F8-0E0D-4400-98B5-3ECD545FA94F}"
EndProject
Project("{2150E333-8FDC-42A3-9474-1A3956D46DE8}") = "Infrastructure", "Infrastructure", "{65B4A7AA-2A72-4CA3-821C-6101FE469582}"
EndProject
Project("{2150E333-8FDC-42A3-9474-1A3956D46DE8}") = "Presentation", "Presentation", "{FC5B0FFC-EFF9-4E9C-B3C4-D637C3732E82}"
EndProject
Project("{9A19103F-16F7-4668-BE54-9A1E7A4F7556}") = "Library-System.Api", "Library-System.Api\Library-System.Api.csproj", "{6A036B00-7541-4F48-936A-D09D987E431F}"
EndProject
Project("{9A19103F-16F7-4668-BE54-9A1E7A4F7556}") = "Library-System.Application", "Library-System.Application\Library-System.Application.csproj", "{D5F2C3CA-8751-457C-9866-A2B7D9F2A903}"
EndProject
Project("{9A19103F-16F7-4668-BE54-9A1E7A4F7556}") = "Library-System.Infrastructure", "Library-System.Infrastructure\Library-System.Infrastructure.csproj", "{657EF08A-6B6B-444F-9603-A2CCC349A681}"
EndProject
Project("{2150E333-8FDC-42A3-9474-1A3956D46DE8}") = "Tests", "Tests", "{4799FA39-0512-4769-BE74-87DEA0B3D9E7}"
EndProject
Project("{2150E333-8FDC-42A3-9474-1A3956D46DE8}") = "Domain", "Domain", "{E64469B5-EE55-45F6-9933-A66289C56509}"
EndProject
Project("{FAE04EC0-301F-11D3-BF4B-00C04F79EFBC}") = "Library-System.Domain", "Library-System.Domain\Library-System.Domain.csproj", "{95DC396E-BD89-4299-8CF1-16DFBBBBDD6B}"
EndProject
Project("{FAE04EC0-301F-11D3-BF4B-00C04F79EFBC}") = "Library-Systen-Tests", "Library-Systen-Tests\Library-Systen-Tests.csproj", "{8F3B4DB0-8B5D-4262-A9FC-743377319848}"
EndProject
Global
	GlobalSection(SolutionConfigurationPlatforms) = preSolution
		Debug|Any CPU = Debug|Any CPU
		Release|Any CPU = Release|Any CPU
	EndGlobalSection
	GlobalSection(ProjectConfigurationPlatforms) = postSolution
		{6A036B00-7541-4F48-936A-D09D987E431F}.Debug|Any CPU.ActiveCfg = Debug|Any CPU
		{6A036B00-7541-4F48-936A-D09D987E431F}.Debug|Any CPU.Build.0 = Debug|Any CPU
		{6A036B00-7541-4F48-936A-D09D987E431F}.Release|Any CPU.ActiveCfg = Release|Any CPU
		{6A036B00-7541-4F48-936A-D09D987E431F}.Release|Any CPU.Build.0 = Release|Any CPU
		{D5F2C3CA-8751-457C-9866-A2B7D9F2A903}.Debug|Any CPU.ActiveCfg = Debug|Any CPU
		{D5F2C3CA-8751-457C-9866-A2B7D9F2A903}.Debug|Any CPU.Build.0 = Debug|Any CPU
		{D5F2C3CA-8751-457C-9866-A2B7D9F2A903}.Release|Any CPU.ActiveCfg = Release|Any CPU
		{D5F2C3CA-8751-457C-9866-A2B7D9F2A903}.Release|Any CPU.Build.0 = Release|Any CPU
		{657EF08A-6B6B-444F-9603-A2CCC349A681}.Debug|Any CPU.ActiveCfg = Debug|Any CPU
		{657EF08A-6B6B-444F-9603-A2CCC349A681}.Debug|Any CPU.Build.0 = Debug|Any CPU
		{657EF08A-6B6B-444F-9603-A2CCC349A681}.Release|Any CPU.ActiveCfg = Release|Any CPU
		{657EF08A-6B6B-444F-9603-A2CCC349A681}.Release|Any CPU.Build.0 = Release|Any CPU
		{95DC396E-BD89-4299-8CF1-16DFBBBBDD6B}.Debug|Any CPU.ActiveCfg = Debug|Any CPU
		{95DC396E-BD89-4299-8CF1-16DFBBBBDD6B}.Debug|Any CPU.Build.0 = Debug|Any CPU
		{95DC396E-BD89-4299-8CF1-16DFBBBBDD6B}.Release|Any CPU.ActiveCfg = Release|Any CPU
		{95DC396E-BD89-4299-8CF1-16DFBBBBDD6B}.Release|Any CPU.Build.0 = Release|Any CPU
		{8F3B4DB0-8B5D-4262-A9FC-743377319848}.Debug|Any CPU.ActiveCfg = Debug|Any CPU
		{8F3B4DB0-8B5D-4262-A9FC-743377319848}.Debug|Any CPU.Build.0 = Debug|Any CPU
		{8F3B4DB0-8B5D-4262-A9FC-743377319848}.Release|Any CPU.ActiveCfg = Release|Any CPU
		{8F3B4DB0-8B5D-4262-A9FC-743377319848}.Release|Any CPU.Build.0 = Release|Any CPU
	EndGlobalSection
	GlobalSection(SolutionProperties) = preSolution
		HideSolutionNode = FALSE
	EndGlobalSection
	GlobalSection(NestedProjects) = preSolution
		{6A036B00-7541-4F48-936A-D09D987E431F} = {FC5B0FFC-EFF9-4E9C-B3C4-D637C3732E82}
		{D5F2C3CA-8751-457C-9866-A2B7D9F2A903} = {699C45F8-0E0D-4400-98B5-3ECD545FA94F}
		{657EF08A-6B6B-444F-9603-A2CCC349A681} = {65B4A7AA-2A72-4CA3-821C-6101FE469582}
		{95DC396E-BD89-4299-8CF1-16DFBBBBDD6B} = {E64469B5-EE55-45F6-9933-A66289C56509}
		{8F3B4DB0-8B5D-4262-A9FC-743377319848} = {4799FA39-0512-4769-BE74-87DEA0B3D9E7}
	EndGlobalSection
	GlobalSection(ExtensibilityGlobals) = postSolution
		SolutionGuid = {20A08215-822B-4A5C-A79C-98565F8876BA}
	EndGlobalSection
EndGlobal
